PODS:
  - AWSCognito (2.6.0):
    - AWSCore (= 2.6.0)
  - AWSCognitoIdentityProvider (2.6.0):
    - AWSCore (= 2.6.0)
  - AWSCore (2.6.0)
  - AWSS3 (2.6.0):
    - AWSCore (= 2.6.0)

DEPENDENCIES:
  - AWSCognito
  - AWSCognitoIdentityProvider
  - AWSS3

SPEC CHECKSUMS:
  AWSCognito: 7f32fd01698928c8320def74db10ca62cab2daef
  AWSCognitoIdentityProvider: 25525453da79039ec191c3a33b358e828681cca9
  AWSCore: a232d9a402ac11d76f3d87222a3f777e81b85abf
  AWSS3: 8d0840944adae39c8668893a484af2df651773b5

PODFILE CHECKSUM: b5e19a0a4490018a07f7c309d3b05ff29bb9e1f2

COCOAPODS: 1.3.1
